
Microsoft Visual Studio Solution File, Format Version 12.00
Project("{FAE04EC0-301F-11D3-BF4B-00C04F79EFBC}") = "Moda.Core", "source\Moda.Core\Moda.Core.csproj", "{87B2FE45-1D09-4F31-8420-ED14ADAE4814}"
EndProject
Project("{FAE04EC0-301F-11D3-BF4B-00C04F79EFBC}") = "Moda.Core.Tests", "test\Moda.Core.Tests\Moda.Core.Tests.csproj", "{2AAB5423-7B99-44E4-B7CB-7D4D1EAE4399}"
EndProject
Global
	GlobalSection(SolutionConfigurationPlatforms) = preSolution
		Debug|Any CPU = Debug|Any CPU
		Release|Any CPU = Release|Any CPU
	EndGlobalSection
	GlobalSection(ProjectConfigurationPlatforms) = postSolution
		{87B2FE45-1D09-4F31-8420-ED14ADAE4814}.Debug|Any CPU.ActiveCfg = Debug|Any CPU
		{87B2FE45-1D09-4F31-8420-ED14ADAE4814}.Debug|Any CPU.Build.0 = Debug|Any CPU
		{87B2FE45-1D09-4F31-8420-ED14ADAE4814}.Release|Any CPU.ActiveCfg = Release|Any CPU
		{87B2FE45-1D09-4F31-8420-ED14ADAE4814}.Release|Any CPU.Build.0 = Release|Any CPU
		{2AAB5423-7B99-44E4-B7CB-7D4D1EAE4399}.Debug|Any CPU.ActiveCfg = Debug|Any CPU
		{2AAB5423-7B99-44E4-B7CB-7D4D1EAE4399}.Debug|Any CPU.Build.0 = Debug|Any CPU
		{2AAB5423-7B99-44E4-B7CB-7D4D1EAE4399}.Release|Any CPU.ActiveCfg = Release|Any CPU
		{2AAB5423-7B99-44E4-B7CB-7D4D1EAE4399}.Release|Any CPU.Build.0 = Release|Any CPU
	EndGlobalSection
EndGlobal
